// !$*UTF8*$!
{
	archiveVersion = 1;
	classes = {
	};
	objectVersion = 56;
	objects = {

/* Begin PBXBuildFile section */
		CD238C392B188D9F00424616 /* User.swift in Sources */ = {isa = PBXBuildFile; fileRef = CD238C382B188D9F00424616 /* User.swift */; };
		CD238C3F2B18BD0F00424616 /* ProfileViewController.swift in Sources */ = {isa = PBXBuildFile; fileRef = CD238C3E2B18BD0F00424616 /* ProfileViewController.swift */; };
		CD2EC5122B10876F00D146F7 /* AppDelegate.swift in Sources */ = {isa = PBXBuildFile; fileRef = CD2EC5112B10876F00D146F7 /* AppDelegate.swift */; };
		CD2EC5142B10876F00D146F7 /* SceneDelegate.swift in Sources */ = {isa = PBXBuildFile; fileRef = CD2EC5132B10876F00D146F7 /* SceneDelegate.swift */; };
		CD2EC5162B10876F00D146F7 /* LoginViewController.swift in Sources */ = {isa = PBXBuildFile; fileRef = CD2EC5152B10876F00D146F7 /* LoginViewController.swift */; };
		CD2EC5192B10876F00D146F7 /* Main.storyboard in Resources */ = {isa = PBXBuildFile; fileRef = CD2EC5172B10876F00D146F7 /* Main.storyboard */; };
		CD2EC51B2B10877000D146F7 /* Assets.xcassets in Resources */ = {isa = PBXBuildFile; fileRef = CD2EC51A2B10877000D146F7 /* Assets.xcassets */; };
		CD2EC51E2B10877000D146F7 /* LaunchScreen.storyboard in Resources */ = {isa = PBXBuildFile; fileRef = CD2EC51C2B10877000D146F7 /* LaunchScreen.storyboard */; };
		CD2EC5262B108AC500D146F7 /* WelcomeViewController.swift in Sources */ = {isa = PBXBuildFile; fileRef = CD2EC5252B108AC500D146F7 /* WelcomeViewController.swift */; };
		CD6C7E022B205C4100A5E7B8 /* TabBarController.swift in Sources */ = {isa = PBXBuildFile; fileRef = CD6C7E012B205C4100A5E7B8 /* TabBarController.swift */; };
		CDE6D0032B19AC070059AA6F /* BioViewController.swift in Sources */ = {isa = PBXBuildFile; fileRef = CDE6D0022B19AC070059AA6F /* BioViewController.swift */; };
/* End PBXBuildFile section */

/* Begin PBXFileReference section */
		CD238C382B188D9F00424616 /* User.swift */ = {isa = PBXFileReference; lastKnownFileType = sourcecode.swift; path = User.swift; sourceTree = "<group>"; };
		CD238C3E2B18BD0F00424616 /* ProfileViewController.swift */ = {isa = PBXFileReference; lastKnownFileType = sourcecode.swift; path = ProfileViewController.swift; sourceTree = "<group>"; };
		CD2EC50E2B10876F00D146F7 /* AboutMeApp.app */ = {isa = PBXFileReference; explicitFileType = wrapper.application; includeInIndex = 0; path = AboutMeApp.app; sourceTree = BUILT_PRODUCTS_DIR; };
		CD2EC5112B10876F00D146F7 /* AppDelegate.swift */ = {isa = PBXFileReference; lastKnownFileType = sourcecode.swift; path = AppDelegate.swift; sourceTree = "<group>"; };
		CD2EC5132B10876F00D146F7 /* SceneDelegate.swift */ = {isa = PBXFileReference; lastKnownFileType = sourcecode.swift; path = SceneDelegate.swift; sourceTree = "<group>"; };
		CD2EC5152B10876F00D146F7 /* LoginViewController.swift */ = {isa = PBXFileReference; lastKnownFileType = sourcecode.swift; path = LoginViewController.swift; sourceTree = "<group>"; };
		CD2EC5182B10876F00D146F7 /* Base */ = {isa = PBXFileReference; lastKnownFileType = file.storyboard; name = Base; path = Base.lproj/Main.storyboard; sourceTree = "<group>"; };
		CD2EC51A2B10877000D146F7 /* Assets.xcassets */ = {isa = PBXFileReference; lastKnownFileType = folder.assetcatalog; path = Assets.xcassets; sourceTree = "<group>"; };
		CD2EC51D2B10877000D146F7 /* Base */ = {isa = PBXFileReference; lastKnownFileType = file.storyboard; name = Base; path = Base.lproj/LaunchScreen.storyboard; sourceTree = "<group>"; };
		CD2EC51F2B10877000D146F7 /* Info.plist */ = {isa = PBXFileReference; lastKnownFileType = text.plist.xml; path = Info.plist; sourceTree = "<group>"; };
		CD2EC5252B108AC500D146F7 /* WelcomeViewController.swift */ = {isa = PBXFileReference; lastKnownFileType = sourcecode.swift; path = WelcomeViewController.swift; sourceTree = "<group>"; };
		CD6C7E012B205C4100A5E7B8 /* TabBarController.swift */ = {isa = PBXFileReference; lastKnownFileType = sourcecode.swift; path = TabBarController.swift; sourceTree = "<group>"; };
		CDE6D0022B19AC070059AA6F /* BioViewController.swift */ = {isa = PBXFileReference; lastKnownFileType = sourcecode.swift; path = BioViewController.swift; sourceTree = "<group>"; };
/* End PBXFileReference section */

/* Begin PBXFrameworksBuildPhase section */
		CD2EC50B2B10876F00D146F7 /* Frameworks */ = {
			isa = PBXFrameworksBuildPhase;
			buildActionMask = 2147483647;
			files = (
			);
			runOnlyForDeploymentPostprocessing = 0;
		};
/* End PBXFrameworksBuildPhase section */

/* Begin PBXGroup section */
		CD238C342B188B1700424616 /* App */ = {
			isa = PBXGroup;
			children = (
				CD2EC5112B10876F00D146F7 /* AppDelegate.swift */,
				CD2EC5132B10876F00D146F7 /* SceneDelegate.swift */,
				CD2EC51F2B10877000D146F7 /* Info.plist */,
			);
			path = App;
			sourceTree = "<group>";
		};
		CD238C352B188B4B00424616 /* ViewControllers */ = {
			isa = PBXGroup;
			children = (
				CD2EC5152B10876F00D146F7 /* LoginViewController.swift */,
				CD6C7E012B205C4100A5E7B8 /* TabBarController.swift */,
				CD2EC5252B108AC500D146F7 /* WelcomeViewController.swift */,
				CD238C3E2B18BD0F00424616 /* ProfileViewController.swift */,
				CDE6D0022B19AC070059AA6F /* BioViewController.swift */,
			);
			path = ViewControllers;
			sourceTree = "<group>";
		};
		CD238C362B188B6300424616 /* Storyboards */ = {
			isa = PBXGroup;
			children = (
				CD2EC5172B10876F00D146F7 /* Main.storyboard */,
				CD2EC51C2B10877000D146F7 /* LaunchScreen.storyboard */,
			);
			path = Storyboards;
			sourceTree = "<group>";
		};
		CD238C372B188B9600424616 /* Models */ = {
			isa = PBXGroup;
			children = (
				CD238C382B188D9F00424616 /* User.swift */,
			);
			path = Models;
			sourceTree = "<group>";
		};
		CD2EC5052B10876F00D146F7 = {
			isa = PBXGroup;
			children = (
				CD2EC5102B10876F00D146F7 /* AboutMeApp */,
				CD2EC50F2B10876F00D146F7 /* Products */,
			);
			sourceTree = "<group>";
		};
		CD2EC50F2B10876F00D146F7 /* Products */ = {
			isa = PBXGroup;
			children = (
				CD2EC50E2B10876F00D146F7 /* AboutMeApp.app */,
			);
			name = Products;
			sourceTree = "<group>";
		};
		CD2EC5102B10876F00D146F7 /* AboutMeApp */ = {
			isa = PBXGroup;
			children = (
				CD238C352B188B4B00424616 /* ViewControllers */,
				CD238C372B188B9600424616 /* Models */,
				CD238C362B188B6300424616 /* Storyboards */,
				CD238C342B188B1700424616 /* App */,
				CD2EC51A2B10877000D146F7 /* Assets.xcassets */,
			);
			path = AboutMeApp;
			sourceTree = "<group>";
		};
/* End PBXGroup section */

/* Begin PBXNativeTarget section */
		CD2EC50D2B10876F00D146F7 /* AboutMeApp */ = {
			isa = PBXNativeTarget;
			buildConfigurationList = CD2EC5222B10877000D146F7 /* Build configuration list for PBXNativeTarget "AboutMeApp" */;
			buildPhases = (
				CD2EC50A2B10876F00D146F7 /* Sources */,
				CD2EC50B2B10876F00D146F7 /* Frameworks */,
				CD2EC50C2B10876F00D146F7 /* Resources */,
			);
			buildRules = (
			);
			dependencies = (
			);
			name = AboutMeApp;
			packageProductDependencies = (
			);
			productName = AboutMeApp;
			productReference = CD2EC50E2B10876F00D146F7 /* AboutMeApp.app */;
			productType = "com.apple.product-type.application";
		};
/* End PBXNativeTarget section */

/* Begin PBXProject section */
		CD2EC5062B10876F00D146F7 /* Project object */ = {
			isa = PBXProject;
			attributes = {
				BuildIndependentTargetsInParallel = 1;
				LastSwiftUpdateCheck = 1500;
				LastUpgradeCheck = 1500;
				TargetAttributes = {
					CD2EC50D2B10876F00D146F7 = {
						CreatedOnToolsVersion = 15.0.1;
					};
				};
			};
			buildConfigurationList = CD2EC5092B10876F00D146F7 /* Build configuration list for PBXProject "AboutMeApp" */;
			compatibilityVersion = "Xcode 14.0";
			developmentRegion = en;
			hasScannedForEncodings = 0;
			knownRegions = (
				en,
				Base,
			);
			mainGroup = CD2EC5052B10876F00D146F7;
			packageReferences = (
			);
			productRefGroup = CD2EC50F2B10876F00D146F7 /* Products */;
			projectDirPath = "";
			projectRoot = "";
			targets = (
				CD2EC50D2B10876F00D146F7 /* AboutMeApp */,
			);
		};
/* End PBXProject section */

/* Begin PBXResourcesBuildPhase section */
		CD2EC50C2B10876F00D146F7 /* Resources */ = {
			isa = PBXResourcesBuildPhase;
			buildActionMask = 2147483647;
			files = (
				CD2EC51E2B10877000D146F7 /* LaunchScreen.storyboard in Resources */,
				CD2EC51B2B10877000D146F7 /* Assets.xcassets in Resources */,
				CD2EC5192B10876F00D146F7 /* Main.storyboard in Resources */,
			);
			runOnlyForDeploymentPostprocessing = 0;
		};
/* End PBXResourcesBuildPhase section */

/* Begin PBXSourcesBuildPhase section */
		CD2EC50A2B10876F00D146F7 /* Sources */ = {
			isa = PBXSourcesBuildPhase;
			buildActionMask = 2147483647;
			files = (
				CD2EC5162B10876F00D146F7 /* LoginViewController.swift in Sources */,
				CD2EC5262B108AC500D146F7 /* WelcomeViewController.swift in Sources */,
				CDE6D0032B19AC070059AA6F /* BioViewController.swift in Sources */,
				CD2EC5122B10876F00D146F7 /* AppDelegate.swift in Sources */,
				CD238C3F2B18BD0F00424616 /* ProfileViewController.swift in Sources */,
				CD238C392B188D9F00424616 /* User.swift in Sources */,
				CD6C7E022B205C4100A5E7B8 /* TabBarController.swift in Sources */,
				CD2EC5142B10876F00D146F7 /* SceneDelegate.swift in Sources */,
			);
			runOnlyForDeploymentPostprocessing = 0;
		};
/* End PBXSourcesBuildPhase section */

/* Begin PBXVariantGroup section */
		CD2EC5172B10876F00D146F7 /* Main.storyboard */ = {
			isa = PBXVariantGroup;
			children = (
				CD2EC5182B10876F00D146F7 /* Base */,
			);
			name = Main.storyboard;
			sourceTree = "<group>";
		};
		CD2EC51C2B10877000D146F7 /* LaunchScreen.storyboard */ = {
			isa = PBXVariantGroup;
			children = (
				CD2EC51D2B10877000D146F7 /* Base */,
			);
			name = LaunchScreen.storyboard;
			sourceTree = "<group>";
		};
/* End PBXVariantGroup section */

/* Begin XCBuildConfiguration section */
		CD2EC5202B10877000D146F7 /* Debug */ = {
			isa = XCBuildConfiguration;
			buildSettings = {
				ALWAYS_SEARCH_USER_PATHS = NO;
				ASSETCATALOG_COMPILER_GENERATE_SWIFT_ASSET_SYMBOL_EXTENSIONS = YES;
				CLANG_ANALYZER_NONNULL = YES;
				CLANG_ANALYZER_NUMBER_OBJECT_CONVERSION = YES_AGGRESSIVE;
				CLANG_CXX_LANGUAGE_STANDARD = "gnu++20";
				CLANG_ENABLE_MODULES = YES;
				CLANG_ENABLE_OBJC_ARC = YES;
				CLANG_ENABLE_OBJC_WEAK = YES;
				CLANG_WARN_BLOCK_CAPTURE_AUTORELEASING = YES;
				CLANG_WARN_BOOL_CONVERSION = YES;
				CLANG_WARN_COMMA = YES;
				CLANG_WARN_CONSTANT_CONVERSION = YES;
				CLANG_WARN_DEPRECATED_OBJC_IMPLEMENTATIONS = YES;
				CLANG_WARN_DIRECT_OBJC_ISA_USAGE = YES_ERROR;
				CLANG_WARN_DOCUMENTATION_COMMENTS = YES;
				CLANG_WARN_EMPTY_BODY = YES;
				CLANG_WARN_ENUM_CONVERSION = YES;
				CLANG_WARN_INFINITE_RECURSION = YES;
				CLANG_WARN_INT_CONVERSION = YES;
				CLANG_WARN_NON_LITERAL_NULL_CONVERSION = YES;
				CLANG_WARN_OBJC_IMPLICIT_RETAIN_SELF = YES;
				CLANG_WARN_OBJC_LITERAL_CONVERSION = YES;
				CLANG_WARN_OBJC_ROOT_CLASS = YES_ERROR;
				CLANG_WARN_QUOTED_INCLUDE_IN_FRAMEWORK_HEADER = YES;
				CLANG_WARN_RANGE_LOOP_ANALYSIS = YES;
				CLANG_WARN_STRICT_PROTOTYPES = YES;
				CLANG_WARN_SUSPICIOUS_MOVE = YES;
				CLANG_WARN_UNGUARDED_AVAILABILITY = YES_AGGRESSIVE;
				CLANG_WARN_UNREACHABLE_CODE = YES;
				CLANG_WARN__DUPLICATE_METHOD_MATCH = YES;
				COPY_PHASE_STRIP = NO;
				DEBUG_INFORMATION_FORMAT = dwarf;
				ENABLE_STRICT_OBJC_MSGSEND = YES;
				ENABLE_TESTABILITY = YES;
				ENABLE_USER_SCRIPT_SANDBOXING = YES;
				GCC_C_LANGUAGE_STANDARD = gnu17;
				GCC_DYNAMIC_NO_PIC = NO;
				GCC_NO_COMMON_BLOCKS = YES;
				GCC_OPTIMIZATION_LEVEL = 0;
				GCC_PREPROCESSOR_DEFINITIONS = (
					"DEBUG=1",
					"$(inherited)",
				);
				GCC_WARN_64_TO_32_BIT_CONVERSION = YES;
				GCC_WARN_ABOUT_RETURN_TYPE = YES_ERROR;
				GCC_WARN_UNDECLARED_SELECTOR = YES;
				GCC_WARN_UNINITIALIZED_AUTOS = YES_AGGRESSIVE;
				GCC_WARN_UNUSED_FUNCTION = YES;
				GCC_WARN_UNUSED_VARIABLE = YES;
				IPHONEOS_DEPLOYMENT_TARGET = 17.0;
				LOCALIZATION_PREFERS_STRING_CATALOGS = YES;
				MTL_ENABLE_DEBUG_INFO = INCLUDE_SOURCE;
				MTL_FAST_MATH = YES;
				ONLY_ACTIVE_ARCH = YES;
				SDKROOT = iphoneos;
				SWIFT_ACTIVE_COMPILATION_CONDITIONS = "DEBUG $(inherited)";
				SWIFT_OPTIMIZATION_LEVEL = "-Onone";
			};
			name = Debug;
		};
		CD2EC5212B10877000D146F7 /* Release */ = {
			isa = XCBuildConfiguration;
			buildSettings = {
				ALWAYS_SEARCH_USER_PATHS = NO;
				ASSETCATALOG_COMPILER_GENERATE_SWIFT_ASSET_SYMBOL_EXTENSIONS = YES;
				CLANG_ANALYZER_NONNULL = YES;
				CLANG_ANALYZER_NUMBER_OBJECT_CONVERSION = YES_AGGRESSIVE;
				CLANG_CXX_LANGUAGE_STANDARD = "gnu++20";
				CLANG_ENABLE_MODULES = YES;
				CLANG_ENABLE_OBJC_ARC = YES;
				CLANG_ENABLE_OBJC_WEAK = YES;
				CLANG_WARN_BLOCK_CAPTURE_AUTORELEASING = YES;
				CLANG_WARN_BOOL_CONVERSION = YES;
				CLANG_WARN_COMMA = YES;
				CLANG_WARN_CONSTANT_CONVERSION = YES;
				CLANG_WARN_DEPRECATED_OBJC_IMPLEMENTATIONS = YES;
				CLANG_WARN_DIRECT_OBJC_ISA_USAGE = YES_ERROR;
				CLANG_WARN_DOCUMENTATION_COMMENTS = YES;
				CLANG_WARN_EMPTY_BODY = YES;
				CLANG_WARN_ENUM_CONVERSION = YES;
				CLANG_WARN_INFINITE_RECURSION = YES;
				CLANG_WARN_INT_CONVERSION = YES;
				CLANG_WARN_NON_LITERAL_NULL_CONVERSION = YES;
				CLANG_WARN_OBJC_IMPLICIT_RETAIN_SELF = YES;
				CLANG_WARN_OBJC_LITERAL_CONVERSION = YES;
				CLANG_WARN_OBJC_ROOT_CLASS = YES_ERROR;
				CLANG_WARN_QUOTED_INCLUDE_IN_FRAMEWORK_HEADER = YES;
				CLANG_WARN_RANGE_LOOP_ANALYSIS = YES;
				CLANG_WARN_STRICT_PROTOTYPES = YES;
				CLANG_WARN_SUSPICIOUS_MOVE = YES;
				CLANG_WARN_UNGUARDED_AVAILABILITY = YES_AGGRESSIVE;
				CLANG_WARN_UNREACHABLE_CODE = YES;
				CLANG_WARN__DUPLICATE_METHOD_MATCH = YES;
				COPY_PHASE_STRIP = NO;
				DEBUG_INFORMATION_FORMAT = "dwarf-with-dsym";
				ENABLE_NS_ASSERTIONS = NO;
				ENABLE_STRICT_OBJC_MSGSEND = YES;
				ENABLE_USER_SCRIPT_SANDBOXING = YES;
				GCC_C_LANGUAGE_STANDARD = gnu17;
				GCC_NO_COMMON_BLOCKS = YES;
				GCC_WARN_64_TO_32_BIT_CONVERSION = YES;
				GCC_WARN_ABOUT_RETURN_TYPE = YES_ERROR;
				GCC_WARN_UNDECLARED_SELECTOR = YES;
				GCC_WARN_UNINITIALIZED_AUTOS = YES_AGGRESSIVE;
				GCC_WARN_UNUSED_FUNCTION = YES;
				GCC_WARN_UNUSED_VARIABLE = YES;
				IPHONEOS_DEPLOYMENT_TARGET = 17.0;
				LOCALIZATION_PREFERS_STRING_CATALOGS = YES;
				MTL_ENABLE_DEBUG_INFO = NO;
				MTL_FAST_MATH = YES;
				SDKROOT = iphoneos;
				SWIFT_COMPILATION_MODE = wholemodule;
				VALIDATE_PRODUCT = YES;
			};
			name = Release;
		};
		CD2EC5232B10877000D146F7 /* Debug */ = {
			isa = XCBuildConfiguration;
			buildSettings = {
				ASSETCATALOG_COMPILER_APPICON_NAME = AppIcon;
				ASSETCATALOG_COMPILER_GLOBAL_ACCENT_COLOR_NAME = AccentColor;
				CODE_SIGN_STYLE = Automatic;
				CURRENT_PROJECT_VERSION = 1;
				DEVELOPMENT_TEAM = V3YK82Q5NN;
				GENERATE_INFOPLIST_FILE = YES;
				INFOPLIST_FILE = AboutMeApp/App/Info.plist;
				INFOPLIST_KEY_CFBundleDisplayName = "About Me";
				INFOPLIST_KEY_UIApplicationSupportsIndirectInputEvents = YES;
				INFOPLIST_KEY_UILaunchStoryboardName = LaunchScreen;
				INFOPLIST_KEY_UIMainStoryboardFile = Main;
				INFOPLIST_KEY_UISupportedInterfaceOrientations = UIInterfaceOrientationPortrait;
				LD_RUNPATH_SEARCH_PATHS = (
					"$(inherited)",
					"@executable_path/Frameworks",
				);
				MARKETING_VERSION = 1.0;
				PRODUCT_BUNDLE_IDENTIFIER = broski43.AboutMeApp;
				PRODUCT_NAME = "$(TARGET_NAME)";
				SUPPORTED_PLATFORMS = "iphoneos iphonesimulator";
				SUPPORTS_MACCATALYST = NO;
				SUPPORTS_MAC_DESIGNED_FOR_IPHONE_IPAD = NO;
				SWIFT_EMIT_LOC_STRINGS = YES;
				SWIFT_VERSION = 5.0;
				TARGETED_DEVICE_FAMILY = 1;
			};
			name = Debug;
		};
		CD2EC5242B10877000D146F7 /* Release */ = {
			isa = XCBuildConfiguration;
			buildSettings = {
				ASSETCATALOG_COMPILER_APPICON_NAME = AppIcon;
				ASSETCATALOG_COMPILER_GLOBAL_ACCENT_COLOR_NAME = AccentColor;
				CODE_SIGN_STYLE = Automatic;
				CURRENT_PROJECT_VERSION = 1;
				DEVELOPMENT_TEAM = V3YK82Q5NN;
				GENERATE_INFOPLIST_FILE = YES;
				INFOPLIST_FILE = AboutMeApp/App/Info.plist;
				INFOPLIST_KEY_CFBundleDisplayName = "About Me";
				INFOPLIST_KEY_UIApplicationSupportsIndirectInputEvents = YES;
				INFOPLIST_KEY_UILaunchStoryboardName = LaunchScreen;
				INFOPLIST_KEY_UIMainStoryboardFile = Main;
				INFOPLIST_KEY_UISupportedInterfaceOrientations = UIInterfaceOrientationPortrait;
				LD_RUNPATH_SEARCH_PATHS = (
					"$(inherited)",
					"@executable_path/Frameworks",
				);
				MARKETING_VERSION = 1.0;
				PRODUCT_BUNDLE_IDENTIFIER = broski43.AboutMeApp;
				PRODUCT_NAME = "$(TARGET_NAME)";
				SUPPORTED_PLATFORMS = "iphoneos iphonesimulator";
				SUPPORTS_MACCATALYST = NO;
				SUPPORTS_MAC_DESIGNED_FOR_IPHONE_IPAD = NO;
				SWIFT_EMIT_LOC_STRINGS = YES;
				SWIFT_VERSION = 5.0;
				TARGETED_DEVICE_FAMILY = 1;
			};
			name = Release;
		};
/* End XCBuildConfiguration section */

/* Begin XCConfigurationList section */
		CD2EC5092B10876F00D146F7 /* Build configuration list for PBXProject "AboutMeApp" */ = {
			isa = XCConfigurationList;
			buildConfigurations = (
				CD2EC5202B10877000D146F7 /* Debug */,
				CD2EC5212B10877000D146F7 /* Release */,
			);
			defaultConfigurationIsVisible = 0;
			defaultConfigurationName = Release;
		};
		CD2EC5222B10877000D146F7 /* Build configuration list for PBXNativeTarget "AboutMeApp" */ = {
			isa = XCConfigurationList;
			buildConfigurations = (
				CD2EC5232B10877000D146F7 /* Debug */,
				CD2EC5242B10877000D146F7 /* Release */,
			);
			defaultConfigurationIsVisible = 0;
			defaultConfigurationName = Release;
		};
/* End XCConfigurationList section */
	};
	rootObject = CD2EC5062B10876F00D146F7 /* Project object */;
}
